// !$*UTF8*$!
{
	archiveVersion = 1;
	classes = {
	};
	objectVersion = 50;
	objects = {

/* Begin PBXBuildFile section */
		524BCB8525BC2CDB001981D8 /* AppDelegate.swift in Sources */ = {isa = PBXBuildFile; fileRef = 524BCB8425BC2CDB001981D8 /* AppDelegate.swift */; };
		524BCB8725BC2CDB001981D8 /* SceneDelegate.swift in Sources */ = {isa = PBXBuildFile; fileRef = 524BCB8625BC2CDB001981D8 /* SceneDelegate.swift */; };
		524BCB8C25BC2CDB001981D8 /* Main.storyboard in Resources */ = {isa = PBXBuildFile; fileRef = 524BCB8A25BC2CDB001981D8 /* Main.storyboard */; };
		524BCB8E25BC2CDE001981D8 /* Assets.xcassets in Resources */ = {isa = PBXBuildFile; fileRef = 524BCB8D25BC2CDE001981D8 /* Assets.xcassets */; };
		524BCB9125BC2CDE001981D8 /* LaunchScreen.storyboard in Resources */ = {isa = PBXBuildFile; fileRef = 524BCB8F25BC2CDE001981D8 /* LaunchScreen.storyboard */; };
		524BCB9C25BC2CDE001981D8 /* VirtueTaskTests.swift in Sources */ = {isa = PBXBuildFile; fileRef = 524BCB9B25BC2CDE001981D8 /* VirtueTaskTests.swift */; };
		524BCBA725BC2CDE001981D8 /* VirtueTaskUITests.swift in Sources */ = {isa = PBXBuildFile; fileRef = 524BCBA625BC2CDE001981D8 /* VirtueTaskUITests.swift */; };
		524E820125BC4162007FF4A3 /* VirtueTask.swift in Sources */ = {isa = PBXBuildFile; fileRef = 524E820025BC4162007FF4A3 /* VirtueTask.swift */; };
/* End PBXBuildFile section */

/* Begin PBXContainerItemProxy section */
		524BCB9825BC2CDE001981D8 /* PBXContainerItemProxy */ = {
			isa = PBXContainerItemProxy;
			containerPortal = 524BCB7925BC2CDB001981D8 /* Project object */;
			proxyType = 1;
			remoteGlobalIDString = 524BCB8025BC2CDB001981D8;
			remoteInfo = VirtueTask;
		};
		524BCBA325BC2CDE001981D8 /* PBXContainerItemProxy */ = {
			isa = PBXContainerItemProxy;
			containerPortal = 524BCB7925BC2CDB001981D8 /* Project object */;
			proxyType = 1;
			remoteGlobalIDString = 524BCB8025BC2CDB001981D8;
			remoteInfo = VirtueTask;
		};
/* End PBXContainerItemProxy section */

/* Begin PBXFileReference section */
		524BCB8125BC2CDB001981D8 /* VirtueTask.app */ = {isa = PBXFileReference; explicitFileType = wrapper.application; includeInIndex = 0; path = VirtueTask.app; sourceTree = BUILT_PRODUCTS_DIR; };
		524BCB8425BC2CDB001981D8 /* AppDelegate.swift */ = {isa = PBXFileReference; lastKnownFileType = sourcecode.swift; path = AppDelegate.swift; sourceTree = "<group>"; };
		524BCB8625BC2CDB001981D8 /* SceneDelegate.swift */ = {isa = PBXFileReference; lastKnownFileType = sourcecode.swift; path = SceneDelegate.swift; sourceTree = "<group>"; };
		524BCB8B25BC2CDB001981D8 /* Base */ = {isa = PBXFileReference; lastKnownFileType = file.storyboard; name = Base; path = Base.lproj/Main.storyboard; sourceTree = "<group>"; };
		524BCB8D25BC2CDE001981D8 /* Assets.xcassets */ = {isa = PBXFileReference; lastKnownFileType = folder.assetcatalog; path = Assets.xcassets; sourceTree = "<group>"; };
		524BCB9025BC2CDE001981D8 /* Base */ = {isa = PBXFileReference; lastKnownFileType = file.storyboard; name = Base; path = Base.lproj/LaunchScreen.storyboard; sourceTree = "<group>"; };
		524BCB9225BC2CDE001981D8 /* Info.plist */ = {isa = PBXFileReference; lastKnownFileType = text.plist.xml; path = Info.plist; sourceTree = "<group>"; };
		524BCB9725BC2CDE001981D8 /* VirtueTaskTests.xctest */ = {isa = PBXFileReference; explicitFileType = wrapper.cfbundle; includeInIndex = 0; path = VirtueTaskTests.xctest; sourceTree = BUILT_PRODUCTS_DIR; };
		524BCB9B25BC2CDE001981D8 /* VirtueTaskTests.swift */ = {isa = PBXFileReference; lastKnownFileType = sourcecode.swift; path = VirtueTaskTests.swift; sourceTree = "<group>"; };
		524BCB9D25BC2CDE001981D8 /* Info.plist */ = {isa = PBXFileReference; lastKnownFileType = text.plist.xml; path = Info.plist; sourceTree = "<group>"; };
		524BCBA225BC2CDE001981D8 /* VirtueTaskUITests.xctest */ = {isa = PBXFileReference; explicitFileType = wrapper.cfbundle; includeInIndex = 0; path = VirtueTaskUITests.xctest; sourceTree = BUILT_PRODUCTS_DIR; };
		524BCBA625BC2CDE001981D8 /* VirtueTaskUITests.swift */ = {isa = PBXFileReference; lastKnownFileType = sourcecode.swift; path = VirtueTaskUITests.swift; sourceTree = "<group>"; };
		524BCBA825BC2CDE001981D8 /* Info.plist */ = {isa = PBXFileReference; lastKnownFileType = text.plist.xml; path = Info.plist; sourceTree = "<group>"; };
		524E820025BC4162007FF4A3 /* VirtueTask.swift */ = {isa = PBXFileReference; lastKnownFileType = sourcecode.swift; path = VirtueTask.swift; sourceTree = "<group>"; };
/* End PBXFileReference section */

/* Begin PBXFrameworksBuildPhase section */
		524BCB7E25BC2CDB001981D8 /* Frameworks */ = {
			isa = PBXFrameworksBuildPhase;
			buildActionMask = 2147483647;
			files = (
			);
			runOnlyForDeploymentPostprocessing = 0;
		};
		524BCB9425BC2CDE001981D8 /* Frameworks */ = {
			isa = PBXFrameworksBuildPhase;
			buildActionMask = 2147483647;
			files = (
			);
			runOnlyForDeploymentPostprocessing = 0;
		};
		524BCB9F25BC2CDE001981D8 /* Frameworks */ = {
			isa = PBXFrameworksBuildPhase;
			buildActionMask = 2147483647;
			files = (
			);
			runOnlyForDeploymentPostprocessing = 0;
		};
/* End PBXFrameworksBuildPhase section */

/* Begin PBXGroup section */
		524BCB7825BC2CDB001981D8 = {
			isa = PBXGroup;
			children = (
				524BCB8325BC2CDB001981D8 /* VirtueTask */,
				524BCB9A25BC2CDE001981D8 /* VirtueTaskTests */,
				524BCBA525BC2CDE001981D8 /* VirtueTaskUITests */,
				524BCB8225BC2CDB001981D8 /* Products */,
			);
			sourceTree = "<group>";
		};
		524BCB8225BC2CDB001981D8 /* Products */ = {
			isa = PBXGroup;
			children = (
				524BCB8125BC2CDB001981D8 /* VirtueTask.app */,
				524BCB9725BC2CDE001981D8 /* VirtueTaskTests.xctest */,
				524BCBA225BC2CDE001981D8 /* VirtueTaskUITests.xctest */,
			);
			name = Products;
			sourceTree = "<group>";
		};
		524BCB8325BC2CDB001981D8 /* VirtueTask */ = {
			isa = PBXGroup;
			children = (
				524BCB8425BC2CDB001981D8 /* AppDelegate.swift */,
				524BCB8625BC2CDB001981D8 /* SceneDelegate.swift */,
				524E820025BC4162007FF4A3 /* VirtueTask.swift */,
				524BCB8A25BC2CDB001981D8 /* Main.storyboard */,
				524BCB8D25BC2CDE001981D8 /* Assets.xcassets */,
				524BCB8F25BC2CDE001981D8 /* LaunchScreen.storyboard */,
				524BCB9225BC2CDE001981D8 /* Info.plist */,
			);
			path = VirtueTask;
			sourceTree = "<group>";
		};
		524BCB9A25BC2CDE001981D8 /* VirtueTaskTests */ = {
			isa = PBXGroup;
			children = (
				524BCB9B25BC2CDE001981D8 /* VirtueTaskTests.swift */,
				524BCB9D25BC2CDE001981D8 /* Info.plist */,
			);
			path = VirtueTaskTests;
			sourceTree = "<group>";
		};
		524BCBA525BC2CDE001981D8 /* VirtueTaskUITests */ = {
			isa = PBXGroup;
			children = (
				524BCBA625BC2CDE001981D8 /* VirtueTaskUITests.swift */,
				524BCBA825BC2CDE001981D8 /* Info.plist */,
			);
			path = VirtueTaskUITests;
			sourceTree = "<group>";
		};
/* End PBXGroup section */

/* Begin PBXNativeTarget section */
		524BCB8025BC2CDB001981D8 /* VirtueTask */ = {
			isa = PBXNativeTarget;
			buildConfigurationList = 524BCBAB25BC2CDE001981D8 /* Build configuration list for PBXNativeTarget "VirtueTask" */;
			buildPhases = (
				524BCB7D25BC2CDB001981D8 /* Sources */,
				524BCB7E25BC2CDB001981D8 /* Frameworks */,
				524BCB7F25BC2CDB001981D8 /* Resources */,
			);
			buildRules = (
			);
			dependencies = (
			);
			name = VirtueTask;
			productName = VirtueTask;
			productReference = 524BCB8125BC2CDB001981D8 /* VirtueTask.app */;
			productType = "com.apple.product-type.application";
		};
		524BCB9625BC2CDE001981D8 /* VirtueTaskTests */ = {
			isa = PBXNativeTarget;
			buildConfigurationList = 524BCBAE25BC2CDE001981D8 /* Build configuration list for PBXNativeTarget "VirtueTaskTests" */;
			buildPhases = (
				524BCB9325BC2CDE001981D8 /* Sources */,
				524BCB9425BC2CDE001981D8 /* Frameworks */,
				524BCB9525BC2CDE001981D8 /* Resources */,
			);
			buildRules = (
			);
			dependencies = (
				524BCB9925BC2CDE001981D8 /* PBXTargetDependency */,
			);
			name = VirtueTaskTests;
			productName = VirtueTaskTests;
			productReference = 524BCB9725BC2CDE001981D8 /* VirtueTaskTests.xctest */;
			productType = "com.apple.product-type.bundle.unit-test";
		};
		524BCBA125BC2CDE001981D8 /* VirtueTaskUITests */ = {
			isa = PBXNativeTarget;
			buildConfigurationList = 524BCBB125BC2CDE001981D8 /* Build configuration list for PBXNativeTarget "VirtueTaskUITests" */;
			buildPhases = (
				524BCB9E25BC2CDE001981D8 /* Sources */,
				524BCB9F25BC2CDE001981D8 /* Frameworks */,
				524BCBA025BC2CDE001981D8 /* Resources */,
			);
			buildRules = (
			);
			dependencies = (
				524BCBA425BC2CDE001981D8 /* PBXTargetDependency */,
			);
			name = VirtueTaskUITests;
			productName = VirtueTaskUITests;
			productReference = 524BCBA225BC2CDE001981D8 /* VirtueTaskUITests.xctest */;
			productType = "com.apple.product-type.bundle.ui-testing";
		};
/* End PBXNativeTarget section */

/* Begin PBXProject section */
		524BCB7925BC2CDB001981D8 /* Project object */ = {
			isa = PBXProject;
			attributes = {
				LastSwiftUpdateCheck = 1230;
				LastUpgradeCheck = 1230;
				TargetAttributes = {
					524BCB8025BC2CDB001981D8 = {
						CreatedOnToolsVersion = 12.3;
					};
					524BCB9625BC2CDE001981D8 = {
						CreatedOnToolsVersion = 12.3;
						TestTargetID = 524BCB8025BC2CDB001981D8;
					};
					524BCBA125BC2CDE001981D8 = {
						CreatedOnToolsVersion = 12.3;
						TestTargetID = 524BCB8025BC2CDB001981D8;
					};
				};
			};
			buildConfigurationList = 524BCB7C25BC2CDB001981D8 /* Build configuration list for PBXProject "VirtueTask" */;
			compatibilityVersion = "Xcode 9.3";
			developmentRegion = en;
			hasScannedForEncodings = 0;
			knownRegions = (
				en,
				Base,
			);
			mainGroup = 524BCB7825BC2CDB001981D8;
			productRefGroup = 524BCB8225BC2CDB001981D8 /* Products */;
			projectDirPath = "";
			projectRoot = "";
			targets = (
				524BCB8025BC2CDB001981D8 /* VirtueTask */,
				524BCB9625BC2CDE001981D8 /* VirtueTaskTests */,
				524BCBA125BC2CDE001981D8 /* VirtueTaskUITests */,
			);
		};
/* End PBXProject section */

/* Begin PBXResourcesBuildPhase section */
		524BCB7F25BC2CDB001981D8 /* Resources */ = {
			isa = PBXResourcesBuildPhase;
			buildActionMask = 2147483647;
			files = (
				524BCB9125BC2CDE001981D8 /* LaunchScreen.storyboard in Resources */,
				524BCB8E25BC2CDE001981D8 /* Assets.xcassets in Resources */,
				524BCB8C25BC2CDB001981D8 /* Main.storyboard in Resources */,
			);
			runOnlyForDeploymentPostprocessing = 0;
		};
		524BCB9525BC2CDE001981D8 /* Resources */ = {
			isa = PBXResourcesBuildPhase;
			buildActionMask = 2147483647;
			files = (
			);
			runOnlyForDeploymentPostprocessing = 0;
		};
		524BCBA025BC2CDE001981D8 /* Resources */ = {
			isa = PBXResourcesBuildPhase;
			buildActionMask = 2147483647;
			files = (
			);
			runOnlyForDeploymentPostprocessing = 0;
		};
/* End PBXResourcesBuildPhase section */

/* Begin PBXSourcesBuildPhase section */
		524BCB7D25BC2CDB001981D8 /* Sources */ = {
			isa = PBXSourcesBuildPhase;
			buildActionMask = 2147483647;
			files = (
				524E820125BC4162007FF4A3 /* VirtueTask.swift in Sources */,
				524BCB8525BC2CDB001981D8 /* AppDelegate.swift in Sources */,
				524BCB8725BC2CDB001981D8 /* SceneDelegate.swift in Sources */,
			);
			runOnlyForDeploymentPostprocessing = 0;
		};
		524BCB9325BC2CDE001981D8 /* Sources */ = {
			isa = PBXSourcesBuildPhase;
			buildActionMask = 2147483647;
			files = (
				524BCB9C25BC2CDE001981D8 /* VirtueTaskTests.swift in Sources */,
			);
			runOnlyForDeploymentPostprocessing = 0;
		};
		524BCB9E25BC2CDE001981D8 /* Sources */ = {
			isa = PBXSourcesBuildPhase;
			buildActionMask = 2147483647;
			files = (
				524BCBA725BC2CDE001981D8 /* VirtueTaskUITests.swift in Sources */,
			);
			runOnlyForDeploymentPostprocessing = 0;
		};
/* End PBXSourcesBuildPhase section */

/* Begin PBXTargetDependency section */
		524BCB9925BC2CDE001981D8 /* PBXTargetDependency */ = {
			isa = PBXTargetDependency;
			target = 524BCB8025BC2CDB001981D8 /* VirtueTask */;
			targetProxy = 524BCB9825BC2CDE001981D8 /* PBXContainerItemProxy */;
		};
		524BCBA425BC2CDE001981D8 /* PBXTargetDependency */ = {
			isa = PBXTargetDependency;
			target = 524BCB8025BC2CDB001981D8 /* VirtueTask */;
			targetProxy = 524BCBA325BC2CDE001981D8 /* PBXContainerItemProxy */;
		};
/* End PBXTargetDependency section */

/* Begin PBXVariantGroup section */
		524BCB8A25BC2CDB001981D8 /* Main.storyboard */ = {
			isa = PBXVariantGroup;
			children = (
				524BCB8B25BC2CDB001981D8 /* Base */,
			);
			name = Main.storyboard;
			sourceTree = "<group>";
		};
		524BCB8F25BC2CDE001981D8 /* LaunchScreen.storyboard */ = {
			isa = PBXVariantGroup;
			children = (
				524BCB9025BC2CDE001981D8 /* Base */,
			);
			name = LaunchScreen.storyboard;
			sourceTree = "<group>";
		};
/* End PBXVariantGroup section */

/* Begin XCBuildConfiguration section */
		524BCBA925BC2CDE001981D8 /* Debug */ = {
			isa = XCBuildConfiguration;
			buildSettings = {
				ALWAYS_SEARCH_USER_PATHS = NO;
				CLANG_ANALYZER_NONNULL = YES;
				CLANG_ANALYZER_NUMBER_OBJECT_CONVERSION = YES_AGGRESSIVE;
				CLANG_CXX_LANGUAGE_STANDARD = "gnu++14";
				CLANG_CXX_LIBRARY = "libc++";
				CLANG_ENABLE_MODULES = YES;
				CLANG_ENABLE_OBJC_ARC = YES;
				CLANG_ENABLE_OBJC_WEAK = YES;
				CLANG_WARN_BLOCK_CAPTURE_AUTORELEASING = YES;
				CLANG_WARN_BOOL_CONVERSION = YES;
				CLANG_WARN_COMMA = YES;
				CLANG_WARN_CONSTANT_CONVERSION = YES;
				CLANG_WARN_DEPRECATED_OBJC_IMPLEMENTATIONS = YES;
				CLANG_WARN_DIRECT_OBJC_ISA_USAGE = YES_ERROR;
				CLANG_WARN_DOCUMENTATION_COMMENTS = YES;
				CLANG_WARN_EMPTY_BODY = YES;
				CLANG_WARN_ENUM_CONVERSION = YES;
				CLANG_WARN_INFINITE_RECURSION = YES;
				CLANG_WARN_INT_CONVERSION = YES;
				CLANG_WARN_NON_LITERAL_NULL_CONVERSION = YES;
				CLANG_WARN_OBJC_IMPLICIT_RETAIN_SELF = YES;
				CLANG_WARN_OBJC_LITERAL_CONVERSION = YES;
				CLANG_WARN_OBJC_ROOT_CLASS = YES_ERROR;
				CLANG_WARN_QUOTED_INCLUDE_IN_FRAMEWORK_HEADER = YES;
				CLANG_WARN_RANGE_LOOP_ANALYSIS = YES;
				CLANG_WARN_STRICT_PROTOTYPES = YES;
				CLANG_WARN_SUSPICIOUS_MOVE = YES;
				CLANG_WARN_UNGUARDED_AVAILABILITY = YES_AGGRESSIVE;
				CLANG_WARN_UNREACHABLE_CODE = YES;
				CLANG_WARN__DUPLICATE_METHOD_MATCH = YES;
				COPY_PHASE_STRIP = NO;
				DEBUG_INFORMATION_FORMAT = dwarf;
				ENABLE_STRICT_OBJC_MSGSEND = YES;
				ENABLE_TESTABILITY = YES;
				GCC_C_LANGUAGE_STANDARD = gnu11;
				GCC_DYNAMIC_NO_PIC = NO;
				GCC_NO_COMMON_BLOCKS = YES;
				GCC_OPTIMIZATION_LEVEL = 0;
				GCC_PREPROCESSOR_DEFINITIONS = (
					"DEBUG=1",
					"$(inherited)",
				);
				GCC_WARN_64_TO_32_BIT_CONVERSION = YES;
				GCC_WARN_ABOUT_RETURN_TYPE = YES_ERROR;
				GCC_WARN_UNDECLARED_SELECTOR = YES;
				GCC_WARN_UNINITIALIZED_AUTOS = YES_AGGRESSIVE;
				GCC_WARN_UNUSED_FUNCTION = YES;
				GCC_WARN_UNUSED_VARIABLE = YES;
				IPHONEOS_DEPLOYMENT_TARGET = 14.3;
				MTL_ENABLE_DEBUG_INFO = INCLUDE_SOURCE;
				MTL_FAST_MATH = YES;
				ONLY_ACTIVE_ARCH = YES;
				SDKROOT = iphoneos;
				SWIFT_ACTIVE_COMPILATION_CONDITIONS = DEBUG;
				SWIFT_OPTIMIZATION_LEVEL = "-Onone";
			};
			name = Debug;
		};
		524BCBAA25BC2CDE001981D8 /* Release */ = {
			isa = XCBuildConfiguration;
			buildSettings = {
				ALWAYS_SEARCH_USER_PATHS = NO;
				CLANG_ANALYZER_NONNULL = YES;
				CLANG_ANALYZER_NUMBER_OBJECT_CONVERSION = YES_AGGRESSIVE;
				CLANG_CXX_LANGUAGE_STANDARD = "gnu++14";
				CLANG_CXX_LIBRARY = "libc++";
				CLANG_ENABLE_MODULES = YES;
				CLANG_ENABLE_OBJC_ARC = YES;
				CLANG_ENABLE_OBJC_WEAK = YES;
				CLANG_WARN_BLOCK_CAPTURE_AUTORELEASING = YES;
				CLANG_WARN_BOOL_CONVERSION = YES;
				CLANG_WARN_COMMA = YES;
				CLANG_WARN_CONSTANT_CONVERSION = YES;
				CLANG_WARN_DEPRECATED_OBJC_IMPLEMENTATIONS = YES;
				CLANG_WARN_DIRECT_OBJC_ISA_USAGE = YES_ERROR;
				CLANG_WARN_DOCUMENTATION_COMMENTS = YES;
				CLANG_WARN_EMPTY_BODY = YES;
				CLANG_WARN_ENUM_CONVERSION = YES;
				CLANG_WARN_INFINITE_RECURSION = YES;
				CLANG_WARN_INT_CONVERSION = YES;
				CLANG_WARN_NON_LITERAL_NULL_CONVERSION = YES;
				CLANG_WARN_OBJC_IMPLICIT_RETAIN_SELF = YES;
				CLANG_WARN_OBJC_LITERAL_CONVERSION = YES;
				CLANG_WARN_OBJC_ROOT_CLASS = YES_ERROR;
				CLANG_WARN_QUOTED_INCLUDE_IN_FRAMEWORK_HEADER = YES;
				CLANG_WARN_RANGE_LOOP_ANALYSIS = YES;
				CLANG_WARN_STRICT_PROTOTYPES = YES;
				CLANG_WARN_SUSPICIOUS_MOVE = YES;
				CLANG_WARN_UNGUARDED_AVAILABILITY = YES_AGGRESSIVE;
				CLANG_WARN_UNREACHABLE_CODE = YES;
				CLANG_WARN__DUPLICATE_METHOD_MATCH = YES;
				COPY_PHASE_STRIP = NO;
				DEBUG_INFORMATION_FORMAT = "dwarf-with-dsym";
				ENABLE_NS_ASSERTIONS = NO;
				ENABLE_STRICT_OBJC_MSGSEND = YES;
				GCC_C_LANGUAGE_STANDARD = gnu11;
				GCC_NO_COMMON_BLOCKS = YES;
				GCC_WARN_64_TO_32_BIT_CONVERSION = YES;
				GCC_WARN_ABOUT_RETURN_TYPE = YES_ERROR;
				GCC_WARN_UNDECLARED_SELECTOR = YES;
				GCC_WARN_UNINITIALIZED_AUTOS = YES_AGGRESSIVE;
				GCC_WARN_UNUSED_FUNCTION = YES;
				GCC_WARN_UNUSED_VARIABLE = YES;
				IPHONEOS_DEPLOYMENT_TARGET = 14.3;
				MTL_ENABLE_DEBUG_INFO = NO;
				MTL_FAST_MATH = YES;
				SDKROOT = iphoneos;
				SWIFT_COMPILATION_MODE = wholemodule;
				SWIFT_OPTIMIZATION_LEVEL = "-O";
				VALIDATE_PRODUCT = YES;
			};
			name = Release;
		};
		524BCBAC25BC2CDE001981D8 /* Debug */ = {
			isa = XCBuildConfiguration;
			buildSettings = {
				ASSETCATALOG_COMPILER_APPICON_NAME = AppIcon;
				ASSETCATALOG_COMPILER_GLOBAL_ACCENT_COLOR_NAME = AccentColor;
				CODE_SIGN_STYLE = Automatic;
				INFOPLIST_FILE = VirtueTask/Info.plist;
				LD_RUNPATH_SEARCH_PATHS = (
					"$(inherited)",
					"@executable_path/Frameworks",
				);
				PRODUCT_BUNDLE_IDENTIFIER = com.huseyinYolasigmazoglu.VirtueTask;
				PRODUCT_NAME = "$(TARGET_NAME)";
				SWIFT_VERSION = 5.0;
				TARGETED_DEVICE_FAMILY = "1,2";
			};
			name = Debug;
		};
		524BCBAD25BC2CDE001981D8 /* Release */ = {
			isa = XCBuildConfiguration;
			buildSettings = {
				ASSETCATALOG_COMPILER_APPICON_NAME = AppIcon;
				ASSETCATALOG_COMPILER_GLOBAL_ACCENT_COLOR_NAME = AccentColor;
				CODE_SIGN_STYLE = Automatic;
				INFOPLIST_FILE = VirtueTask/Info.plist;
				LD_RUNPATH_SEARCH_PATHS = (
					"$(inherited)",
					"@executable_path/Frameworks",
				);
				PRODUCT_BUNDLE_IDENTIFIER = com.huseyinYolasigmazoglu.VirtueTask;
				PRODUCT_NAME = "$(TARGET_NAME)";
				SWIFT_VERSION = 5.0;
				TARGETED_DEVICE_FAMILY = "1,2";
			};
			name = Release;
		};
		524BCBAF25BC2CDE001981D8 /* Debug */ = {
			isa = XCBuildConfiguration;
			buildSettings = {
				ALWAYS_EMBED_SWIFT_STANDARD_LIBRARIES = YES;
				BUNDLE_LOADER = "$(TEST_HOST)";
				CODE_SIGN_STYLE = Automatic;
				INFOPLIST_FILE = VirtueTaskTests/Info.plist;
				IPHONEOS_DEPLOYMENT_TARGET = 14.3;
				LD_RUNPATH_SEARCH_PATHS = (
					"$(inherited)",
					"@executable_path/Frameworks",
					"@loader_path/Frameworks",
				);
				PRODUCT_BUNDLE_IDENTIFIER = com.huseyinYolasigmazoglu.VirtueTaskTests;
				PRODUCT_NAME = "$(TARGET_NAME)";
				SWIFT_VERSION = 5.0;
				TARGETED_DEVICE_FAMILY = "1,2";
				TEST_HOST = "$(BUILT_PRODUCTS_DIR)/VirtueTask.app/VirtueTask";
			};
			name = Debug;
		};
		524BCBB025BC2CDE001981D8 /* Release */ = {
			isa = XCBuildConfiguration;
			buildSettings = {
				ALWAYS_EMBED_SWIFT_STANDARD_LIBRARIES = YES;
				BUNDLE_LOADER = "$(TEST_HOST)";
				CODE_SIGN_STYLE = Automatic;
				INFOPLIST_FILE = VirtueTaskTests/Info.plist;
				IPHONEOS_DEPLOYMENT_TARGET = 14.3;
				LD_RUNPATH_SEARCH_PATHS = (
					"$(inherited)",
					"@executable_path/Frameworks",
					"@loader_path/Frameworks",
				);
				PRODUCT_BUNDLE_IDENTIFIER = com.huseyinYolasigmazoglu.VirtueTaskTests;
				PRODUCT_NAME = "$(TARGET_NAME)";
				SWIFT_VERSION = 5.0;
				TARGETED_DEVICE_FAMILY = "1,2";
				TEST_HOST = "$(BUILT_PRODUCTS_DIR)/VirtueTask.app/VirtueTask";
			};
			name = Release;
		};
		524BCBB225BC2CDE001981D8 /* Debug */ = {
			isa = XCBuildConfiguration;
			buildSettings = {
				ALWAYS_EMBED_SWIFT_STANDARD_LIBRARIES = YES;
				CODE_SIGN_STYLE = Automatic;
				INFOPLIST_FILE = VirtueTaskUITests/Info.plist;
				LD_RUNPATH_SEARCH_PATHS = (
					"$(inherited)",
					"@executable_path/Frameworks",
					"@loader_path/Frameworks",
				);
				PRODUCT_BUNDLE_IDENTIFIER = com.huseyinYolasigmazoglu.VirtueTaskUITests;
				PRODUCT_NAME = "$(TARGET_NAME)";
				SWIFT_VERSION = 5.0;
				TARGETED_DEVICE_FAMILY = "1,2";
				TEST_TARGET_NAME = VirtueTask;
			};
			name = Debug;
		};
		524BCBB325BC2CDE001981D8 /* Release */ = {
			isa = XCBuildConfiguration;
			buildSettings = {
				ALWAYS_EMBED_SWIFT_STANDARD_LIBRARIES = YES;
				CODE_SIGN_STYLE = Automatic;
				INFOPLIST_FILE = VirtueTaskUITests/Info.plist;
				LD_RUNPATH_SEARCH_PATHS = (
					"$(inherited)",
					"@executable_path/Frameworks",
					"@loader_path/Frameworks",
				);
				PRODUCT_BUNDLE_IDENTIFIER = com.huseyinYolasigmazoglu.VirtueTaskUITests;
				PRODUCT_NAME = "$(TARGET_NAME)";
				SWIFT_VERSION = 5.0;
				TARGETED_DEVICE_FAMILY = "1,2";
				TEST_TARGET_NAME = VirtueTask;
			};
			name = Release;
		};
/* End XCBuildConfiguration section */

/* Begin XCConfigurationList section */
		524BCB7C25BC2CDB001981D8 /* Build configuration list for PBXProject "VirtueTask" */ = {
			isa = XCConfigurationList;
			buildConfigurations = (
				524BCBA925BC2CDE001981D8 /* Debug */,
				524BCBAA25BC2CDE001981D8 /* Release */,
			);
			defaultConfigurationIsVisible = 0;
			defaultConfigurationName = Release;
		};
		524BCBAB25BC2CDE001981D8 /* Build configuration list for PBXNativeTarget "VirtueTask" */ = {
			isa = XCConfigurationList;
			buildConfigurations = (
				524BCBAC25BC2CDE001981D8 /* Debug */,
				524BCBAD25BC2CDE001981D8 /* Release */,
			);
			defaultConfigurationIsVisible = 0;
			defaultConfigurationName = Release;
		};
		524BCBAE25BC2CDE001981D8 /* Build configuration list for PBXNativeTarget "VirtueTaskTests" */ = {
			isa = XCConfigurationList;
			buildConfigurations = (
				524BCBAF25BC2CDE001981D8 /* Debug */,
				524BCBB025BC2CDE001981D8 /* Release */,
			);
			defaultConfigurationIsVisible = 0;
			defaultConfigurationName = Release;
		};
		524BCBB125BC2CDE001981D8 /* Build configuration list for PBXNativeTarget "VirtueTaskUITests" */ = {
			isa = XCConfigurationList;
			buildConfigurations = (
				524BCBB225BC2CDE001981D8 /* Debug */,
				524BCBB325BC2CDE001981D8 /* Release */,
			);
			defaultConfigurationIsVisible = 0;
			defaultConfigurationName = Release;
		};
/* End XCConfigurationList section */
	};
	rootObject = 524BCB7925BC2CDB001981D8 /* Project object */;
}
